
Microsoft Visual Studio Solution File, Format Version 12.00
# Visual Studio 15
VisualStudioVersion = 15.0.28307.757
MinimumVisualStudioVersion = 10.0.40219.1
Project("{FAE04EC0-301F-11D3-BF4B-00C04F79EFBC}") = "OflineWebApp_Ali", "OflineWebApp_Ali\OflineWebApp_Ali.csproj", "{47E8D61D-20C8-406D-8872-5C87D5A66CA4}"
EndProject
Global
	GlobalSection(SolutionConfigurationPlatforms) = preSolution
		Debug|Any CPU = Debug|Any CPU
		Release|Any CPU = Release|Any CPU
	EndGlobalSection
	GlobalSection(ProjectConfigurationPlatforms) = postSolution
		{47E8D61D-20C8-406D-8872-5C87D5A66CA4}.Debug|Any CPU.ActiveCfg = Debug|Any CPU
		{47E8D61D-20C8-406D-8872-5C87D5A66CA4}.Debug|Any CPU.Build.0 = Debug|Any CPU
		{47E8D61D-20C8-406D-8872-5C87D5A66CA4}.Release|Any CPU.ActiveCfg = Release|Any CPU
		{47E8D61D-20C8-406D-8872-5C87D5A66CA4}.Release|Any CPU.Build.0 = Release|Any CPU
	EndGlobalSection
	GlobalSection(SolutionProperties) = preSolution
		HideSolutionNode = FALSE
	EndGlobalSection
	GlobalSection(ExtensibilityGlobals) = postSolution
		SolutionGuid = {EFCE7B39-5005-4FAA-AEEA-38F977E0194C}
	EndGlobalSection
EndGlobal
